
Microsoft Visual Studio Solution File, Format Version 12.00
# Visual Studio 14
VisualStudioVersion = 14.0.24720.0
MinimumVisualStudioVersion = 10.0.40219.1
Project("{FAE04EC0-301F-11D3-BF4B-00C04F79EFBC}") = "ITW_MobileApp.Droid", "ITW_MobileApp.Droid\ITW_MobileApp.Droid.csproj", "{8E1FCCF4-1FA7-4C23-86B0-19C78B155AA3}"
EndProject
Project("{FAE04EC0-301F-11D3-BF4B-00C04F79EFBC}") = "ITW_MobileApp.iOS", "ITW_MobileApp.iOS\ITW_MobileApp.iOS.csproj", "{72688E2C-F10D-4B47-AB67-F4D336B2ECAC}"
EndProject
Global
	GlobalSection(SolutionConfigurationPlatforms) = preSolution
		Ad-Hoc|Any CPU = Ad-Hoc|Any CPU
		Ad-Hoc|iPhone = Ad-Hoc|iPhone
		Ad-Hoc|iPhoneSimulator = Ad-Hoc|iPhoneSimulator
		AppStore|Any CPU = AppStore|Any CPU
		AppStore|iPhone = AppStore|iPhone
		AppStore|iPhoneSimulator = AppStore|iPhoneSimulator
		Debug|Any CPU = Debug|Any CPU
		Debug|iPhone = Debug|iPhone
		Debug|iPhoneSimulator = Debug|iPhoneSimulator
		Release|Any CPU = Release|Any CPU
		Release|iPhone = Release|iPhone
		Release|iPhoneSimulator = Release|iPhoneSimulator
	EndGlobalSection
	GlobalSection(ProjectConfigurationPlatforms) = postSolution
		{8E1FCCF4-1FA7-4C23-86B0-19C78B155AA3}.Ad-Hoc|Any CPU.ActiveCfg = Release|Any CPU
		{8E1FCCF4-1FA7-4C23-86B0-19C78B155AA3}.Ad-Hoc|Any CPU.Build.0 = Release|Any CPU
		{8E1FCCF4-1FA7-4C23-86B0-19C78B155AA3}.Ad-Hoc|Any CPU.Deploy.0 = Release|Any CPU
		{8E1FCCF4-1FA7-4C23-86B0-19C78B155AA3}.Ad-Hoc|iPhone.ActiveCfg = Release|Any CPU
		{8E1FCCF4-1FA7-4C23-86B0-19C78B155AA3}.Ad-Hoc|iPhone.Build.0 = Release|Any CPU
		{8E1FCCF4-1FA7-4C23-86B0-19C78B155AA3}.Ad-Hoc|iPhone.Deploy.0 = Release|Any CPU
		{8E1FCCF4-1FA7-4C23-86B0-19C78B155AA3}.Ad-Hoc|iPhoneSimulator.ActiveCfg = Release|Any CPU
		{8E1FCCF4-1FA7-4C23-86B0-19C78B155AA3}.Ad-Hoc|iPhoneSimulator.Build.0 = Release|Any CPU
		{8E1FCCF4-1FA7-4C23-86B0-19C78B155AA3}.Ad-Hoc|iPhoneSimulator.Deploy.0 = Release|Any CPU
		{8E1FCCF4-1FA7-4C23-86B0-19C78B155AA3}.AppStore|Any CPU.ActiveCfg = Release|Any CPU
		{8E1FCCF4-1FA7-4C23-86B0-19C78B155AA3}.AppStore|Any CPU.Build.0 = Release|Any CPU
		{8E1FCCF4-1FA7-4C23-86B0-19C78B155AA3}.AppStore|Any CPU.Deploy.0 = Release|Any CPU
		{8E1FCCF4-1FA7-4C23-86B0-19C78B155AA3}.AppStore|iPhone.ActiveCfg = Release|Any CPU
		{8E1FCCF4-1FA7-4C23-86B0-19C78B155AA3}.AppStore|iPhone.Build.0 = Release|Any CPU
		{8E1FCCF4-1FA7-4C23-86B0-19C78B155AA3}.AppStore|iPhone.Deploy.0 = Release|Any CPU
		{8E1FCCF4-1FA7-4C23-86B0-19C78B155AA3}.AppStore|iPhoneSimulator.ActiveCfg = Release|Any CPU
		{8E1FCCF4-1FA7-4C23-86B0-19C78B155AA3}.AppStore|iPhoneSimulator.Build.0 = Release|Any CPU
		{8E1FCCF4-1FA7-4C23-86B0-19C78B155AA3}.AppStore|iPhoneSimulator.Deploy.0 = Release|Any CPU
		{8E1FCCF4-1FA7-4C23-86B0-19C78B155AA3}.Debug|Any CPU.ActiveCfg = Debug|Any CPU
		{8E1FCCF4-1FA7-4C23-86B0-19C78B155AA3}.Debug|Any CPU.Build.0 = Debug|Any CPU
		{8E1FCCF4-1FA7-4C23-86B0-19C78B155AA3}.Debug|Any CPU.Deploy.0 = Debug|Any CPU
		{8E1FCCF4-1FA7-4C23-86B0-19C78B155AA3}.Debug|iPhone.ActiveCfg = Debug|Any CPU
		{8E1FCCF4-1FA7-4C23-86B0-19C78B155AA3}.Debug|iPhone.Build.0 = Debug|Any CPU
		{8E1FCCF4-1FA7-4C23-86B0-19C78B155AA3}.Debug|iPhone.Deploy.0 = Debug|Any CPU
		{8E1FCCF4-1FA7-4C23-86B0-19C78B155AA3}.Debug|iPhoneSimulator.ActiveCfg = Debug|Any CPU
		{8E1FCCF4-1FA7-4C23-86B0-19C78B155AA3}.Debug|iPhoneSimulator.Build.0 = Debug|Any CPU
		{8E1FCCF4-1FA7-4C23-86B0-19C78B155AA3}.Debug|iPhoneSimulator.Deploy.0 = Debug|Any CPU
		{8E1FCCF4-1FA7-4C23-86B0-19C78B155AA3}.Release|Any CPU.ActiveCfg = Release|Any CPU
		{8E1FCCF4-1FA7-4C23-86B0-19C78B155AA3}.Release|Any CPU.Build.0 = Release|Any CPU
		{8E1FCCF4-1FA7-4C23-86B0-19C78B155AA3}.Release|Any CPU.Deploy.0 = Release|Any CPU
		{8E1FCCF4-1FA7-4C23-86B0-19C78B155AA3}.Release|iPhone.ActiveCfg = Release|Any CPU
		{8E1FCCF4-1FA7-4C23-86B0-19C78B155AA3}.Release|iPhone.Build.0 = Release|Any CPU
		{8E1FCCF4-1FA7-4C23-86B0-19C78B155AA3}.Release|iPhone.Deploy.0 = Release|Any CPU
		{8E1FCCF4-1FA7-4C23-86B0-19C78B155AA3}.Release|iPhoneSimulator.ActiveCfg = Release|Any CPU
		{8E1FCCF4-1FA7-4C23-86B0-19C78B155AA3}.Release|iPhoneSimulator.Build.0 = Release|Any CPU
		{8E1FCCF4-1FA7-4C23-86B0-19C78B155AA3}.Release|iPhoneSimulator.Deploy.0 = Release|Any CPU
		{72688E2C-F10D-4B47-AB67-F4D336B2ECAC}.Ad-Hoc|Any CPU.ActiveCfg = Ad-Hoc|iPhone
		{72688E2C-F10D-4B47-AB67-F4D336B2ECAC}.Ad-Hoc|iPhone.ActiveCfg = Ad-Hoc|iPhone
		{72688E2C-F10D-4B47-AB67-F4D336B2ECAC}.Ad-Hoc|iPhone.Build.0 = Ad-Hoc|iPhone
		{72688E2C-F10D-4B47-AB67-F4D336B2ECAC}.Ad-Hoc|iPhoneSimulator.ActiveCfg = Ad-Hoc|iPhoneSimulator
		{72688E2C-F10D-4B47-AB67-F4D336B2ECAC}.Ad-Hoc|iPhoneSimulator.Build.0 = Ad-Hoc|iPhoneSimulator
		{72688E2C-F10D-4B47-AB67-F4D336B2ECAC}.AppStore|Any CPU.ActiveCfg = AppStore|iPhone
		{72688E2C-F10D-4B47-AB67-F4D336B2ECAC}.AppStore|iPhone.ActiveCfg = AppStore|iPhone
		{72688E2C-F10D-4B47-AB67-F4D336B2ECAC}.AppStore|iPhone.Build.0 = AppStore|iPhone
		{72688E2C-F10D-4B47-AB67-F4D336B2ECAC}.AppStore|iPhoneSimulator.ActiveCfg = AppStore|iPhoneSimulator
		{72688E2C-F10D-4B47-AB67-F4D336B2ECAC}.AppStore|iPhoneSimulator.Build.0 = AppStore|iPhoneSimulator
		{72688E2C-F10D-4B47-AB67-F4D336B2ECAC}.Debug|Any CPU.ActiveCfg = Debug|iPhone
		{72688E2C-F10D-4B47-AB67-F4D336B2ECAC}.Debug|iPhone.ActiveCfg = Debug|iPhone
		{72688E2C-F10D-4B47-AB67-F4D336B2ECAC}.Debug|iPhone.Build.0 = Debug|iPhone
		{72688E2C-F10D-4B47-AB67-F4D336B2ECAC}.Debug|iPhoneSimulator.ActiveCfg = Debug|iPhoneSimulator
		{72688E2C-F10D-4B47-AB67-F4D336B2ECAC}.Debug|iPhoneSimulator.Build.0 = Debug|iPhoneSimulator
		{72688E2C-F10D-4B47-AB67-F4D336B2ECAC}.Release|Any CPU.ActiveCfg = Release|iPhone
		{72688E2C-F10D-4B47-AB67-F4D336B2ECAC}.Release|iPhone.ActiveCfg = Release|iPhone
		{72688E2C-F10D-4B47-AB67-F4D336B2ECAC}.Release|iPhone.Build.0 = Release|iPhone
		{72688E2C-F10D-4B47-AB67-F4D336B2ECAC}.Release|iPhoneSimulator.ActiveCfg = Release|iPhoneSimulator
		{72688E2C-F10D-4B47-AB67-F4D336B2ECAC}.Release|iPhoneSimulator.Build.0 = Release|iPhoneSimulator
	EndGlobalSection
	GlobalSection(SolutionProperties) = preSolution
		HideSolutionNode = FALSE
	EndGlobalSection
	GlobalSection(MonoDevelopProperties) = preSolution
		StartupItem = ITW_MobileApp\ITW_MobileApp.csproj
	EndGlobalSection
EndGlobal
